
Microsoft Visual Studio Solution File, Format Version 12.00
# Visual Studio 15
VisualStudioVersion = 15.0.28307.779
MinimumVisualStudioVersion = 10.0.40219.1
Project("{FAE04EC0-301F-11D3-BF4B-00C04F79EFBC}") = "VisualTicket", "VisualTicket\VisualTicket.csproj", "{13D99AE5-7219-4EF2-BA52-0509347D7FCC}"
EndProject
Project("{FAE04EC0-301F-11D3-BF4B-00C04F79EFBC}") = "Domain", "Domain\Domain.csproj", "{C194DFE7-149C-4954-BEBE-6C2E4F0DD264}"
EndProject
Project("{FAE04EC0-301F-11D3-BF4B-00C04F79EFBC}") = "Infra", "Infra\Infra.csproj", "{D1C407D9-E229-4345-B37E-247B3C727132}"
EndProject
Global
	GlobalSection(SolutionConfigurationPlatforms) = preSolution
		Debug|Any CPU = Debug|Any CPU
		Release|Any CPU = Release|Any CPU
	EndGlobalSection
	GlobalSection(ProjectConfigurationPlatforms) = postSolution
		{13D99AE5-7219-4EF2-BA52-0509347D7FCC}.Debug|Any CPU.ActiveCfg = Debug|Any CPU
		{13D99AE5-7219-4EF2-BA52-0509347D7FCC}.Debug|Any CPU.Build.0 = Debug|Any CPU
		{13D99AE5-7219-4EF2-BA52-0509347D7FCC}.Release|Any CPU.ActiveCfg = Release|Any CPU
		{13D99AE5-7219-4EF2-BA52-0509347D7FCC}.Release|Any CPU.Build.0 = Release|Any CPU
		{C194DFE7-149C-4954-BEBE-6C2E4F0DD264}.Debug|Any CPU.ActiveCfg = Debug|Any CPU
		{C194DFE7-149C-4954-BEBE-6C2E4F0DD264}.Debug|Any CPU.Build.0 = Debug|Any CPU
		{C194DFE7-149C-4954-BEBE-6C2E4F0DD264}.Release|Any CPU.ActiveCfg = Release|Any CPU
		{C194DFE7-149C-4954-BEBE-6C2E4F0DD264}.Release|Any CPU.Build.0 = Release|Any CPU
		{D1C407D9-E229-4345-B37E-247B3C727132}.Debug|Any CPU.ActiveCfg = Debug|Any CPU
		{D1C407D9-E229-4345-B37E-247B3C727132}.Debug|Any CPU.Build.0 = Debug|Any CPU
		{D1C407D9-E229-4345-B37E-247B3C727132}.Release|Any CPU.ActiveCfg = Release|Any CPU
		{D1C407D9-E229-4345-B37E-247B3C727132}.Release|Any CPU.Build.0 = Release|Any CPU
	EndGlobalSection
	GlobalSection(SolutionProperties) = preSolution
		HideSolutionNode = FALSE
	EndGlobalSection
	GlobalSection(ExtensibilityGlobals) = postSolution
		SolutionGuid = {6C30509B-0174-4FC2-8E54-B2987C2FAC2E}
	EndGlobalSection
EndGlobal
